
Microsoft Visual Studio Solution File, Format Version 12.00
# Visual Studio Version 16
VisualStudioVersion = 25.0.1705.2
MinimumVisualStudioVersion = 10.0.40219.1
Project("{FAE04EC0-301F-11D3-BF4B-00C04F79EFBC}") = "ContactService", "ContactService.csproj", "{ABF5277A-36B9-4163-BAD2-27C03A3084EE}"
EndProject
Global
	GlobalSection(SolutionConfigurationPlatforms) = preSolution
		Debug|Any CPU = Debug|Any CPU
		Release|Any CPU = Release|Any CPU
	EndGlobalSection
	GlobalSection(ProjectConfigurationPlatforms) = postSolution
		{ABF5277A-36B9-4163-BAD2-27C03A3084EE}.Debug|Any CPU.ActiveCfg = Debug|Any CPU
		{ABF5277A-36B9-4163-BAD2-27C03A3084EE}.Debug|Any CPU.Build.0 = Debug|Any CPU
		{ABF5277A-36B9-4163-BAD2-27C03A3084EE}.Release|Any CPU.ActiveCfg = Release|Any CPU
		{ABF5277A-36B9-4163-BAD2-27C03A3084EE}.Release|Any CPU.Build.0 = Release|Any CPU
	EndGlobalSection
	GlobalSection(SolutionProperties) = preSolution
		HideSolutionNode = FALSE
	EndGlobalSection
	GlobalSection(ExtensibilityGlobals) = postSolution
		SolutionGuid = {DBCCEB13-4F0A-42A2-9BA4-9AFCFCB031B1}
	EndGlobalSection
EndGlobal
